
Microsoft Visual Studio Solution File, Format Version 12.00
# Visual Studio Version 16
VisualStudioVersion = 16.0.29911.84
MinimumVisualStudioVersion = 10.0.40219.1
Project("{FAE04EC0-301F-11D3-BF4B-00C04F79EFBC}") = "WPFDataBindingExample", "WPFDataBindingExample\WPFDataBindingExample.csproj", "{AD1C2FAA-93A9-491A-8DBB-20AD617D0E51}"
EndProject
Project("{FAE04EC0-301F-11D3-BF4B-00C04F79EFBC}") = "BinaryResource", "BinaryResource\BinaryResource.csproj", "{9067F033-8D9E-46F3-9405-AE470E9E02A3}"
EndProject
Project("{FAE04EC0-301F-11D3-BF4B-00C04F79EFBC}") = "WPFResourceExample", "WPFResourceExample\WPFResourceExample.csproj", "{1F637C0E-DFA6-45AD-A57C-D49572169454}"
EndProject
Global
	GlobalSection(SolutionConfigurationPlatforms) = preSolution
		Debug|Any CPU = Debug|Any CPU
		Release|Any CPU = Release|Any CPU
	EndGlobalSection
	GlobalSection(ProjectConfigurationPlatforms) = postSolution
		{AD1C2FAA-93A9-491A-8DBB-20AD617D0E51}.Debug|Any CPU.ActiveCfg = Debug|Any CPU
		{AD1C2FAA-93A9-491A-8DBB-20AD617D0E51}.Debug|Any CPU.Build.0 = Debug|Any CPU
		{AD1C2FAA-93A9-491A-8DBB-20AD617D0E51}.Release|Any CPU.ActiveCfg = Release|Any CPU
		{AD1C2FAA-93A9-491A-8DBB-20AD617D0E51}.Release|Any CPU.Build.0 = Release|Any CPU
		{9067F033-8D9E-46F3-9405-AE470E9E02A3}.Debug|Any CPU.ActiveCfg = Debug|Any CPU
		{9067F033-8D9E-46F3-9405-AE470E9E02A3}.Debug|Any CPU.Build.0 = Debug|Any CPU
		{9067F033-8D9E-46F3-9405-AE470E9E02A3}.Release|Any CPU.ActiveCfg = Release|Any CPU
		{9067F033-8D9E-46F3-9405-AE470E9E02A3}.Release|Any CPU.Build.0 = Release|Any CPU
		{1F637C0E-DFA6-45AD-A57C-D49572169454}.Debug|Any CPU.ActiveCfg = Debug|Any CPU
		{1F637C0E-DFA6-45AD-A57C-D49572169454}.Debug|Any CPU.Build.0 = Debug|Any CPU
		{1F637C0E-DFA6-45AD-A57C-D49572169454}.Release|Any CPU.ActiveCfg = Release|Any CPU
		{1F637C0E-DFA6-45AD-A57C-D49572169454}.Release|Any CPU.Build.0 = Release|Any CPU
	EndGlobalSection
	GlobalSection(SolutionProperties) = preSolution
		HideSolutionNode = FALSE
	EndGlobalSection
	GlobalSection(ExtensibilityGlobals) = postSolution
		SolutionGuid = {BA33B909-54B0-4194-865E-C837A857ED31}
	EndGlobalSection
EndGlobal
